# This file is automatically @generated by Cargo.
# It is not intended for manual editing.
version = 4

[[package]]
name = "cmex"
version = "0.1.0"
dependencies = [
 "cmex_ast",
 "cmex_errors",
 "cmex_lexer",
 "cmex_parser",
]

[[package]]
name = "cmex_ast"
version = "0.1.0"
dependencies = [
 "cmex_lexer",
 "cmex_span",
]

[[package]]
name = "cmex_errors"
version = "0.1.0"
dependencies = [
 "cmex_source",
 "cmex_span",
]

[[package]]
name = "cmex_lexer"
version = "0.1.0"
dependencies = [
 "cmex_span",
]

[[package]]
name = "cmex_parser"
version = "0.1.0"
dependencies = [
 "cmex_ast",
 "cmex_errors",
 "cmex_lexer",
 "cmex_span",
 "cmex_symtable",
]

[[package]]
name = "cmex_source"
version = "0.1.0"

[[package]]
name = "cmex_span"
version = "0.1.0"

[[package]]
name = "cmex_symtable"
version = "0.1.0"
